// !$*UTF8*$!
{
	archiveVersion = 1;
	classes = {
	};
	objectVersion = 50;
	objects = {

/* Begin PBXBuildFile section */
		F15F3365249285D700E793FC /* StopwatchController.swift in Sources */ = {isa = PBXBuildFile; fileRef = F15F3364249285D700E793FC /* StopwatchController.swift */; };
		F15F33672493BE1F00E793FC /* StopwatchTimer.swift in Sources */ = {isa = PBXBuildFile; fileRef = F15F33662493BE1F00E793FC /* StopwatchTimer.swift */; };
		F1804308249272220008021E /* AppDelegate.swift in Sources */ = {isa = PBXBuildFile; fileRef = F1804307249272220008021E /* AppDelegate.swift */; };
		F180430A249272220008021E /* SceneDelegate.swift in Sources */ = {isa = PBXBuildFile; fileRef = F1804309249272220008021E /* SceneDelegate.swift */; };
		F180430C249272220008021E /* StopwatchView.swift in Sources */ = {isa = PBXBuildFile; fileRef = F180430B249272220008021E /* StopwatchView.swift */; };
		F180430E249272230008021E /* Assets.xcassets in Resources */ = {isa = PBXBuildFile; fileRef = F180430D249272230008021E /* Assets.xcassets */; };
		F1804311249272230008021E /* Preview Assets.xcassets in Resources */ = {isa = PBXBuildFile; fileRef = F1804310249272230008021E /* Preview Assets.xcassets */; };
		F1804314249272230008021E /* LaunchScreen.storyboard in Resources */ = {isa = PBXBuildFile; fileRef = F1804312249272230008021E /* LaunchScreen.storyboard */; };
		F180431F249272230008021E /* StopwatchTests.swift in Sources */ = {isa = PBXBuildFile; fileRef = F180431E249272230008021E /* StopwatchTests.swift */; };
		F180432A249272230008021E /* StopwatchUITests.swift in Sources */ = {isa = PBXBuildFile; fileRef = F1804329249272230008021E /* StopwatchUITests.swift */; };
		F185B6F62493D72C00830293 /* LapRow.swift in Sources */ = {isa = PBXBuildFile; fileRef = F185B6F52493D72C00830293 /* LapRow.swift */; };
/* End PBXBuildFile section */

/* Begin PBXContainerItemProxy section */
		F180431B249272230008021E /* PBXContainerItemProxy */ = {
			isa = PBXContainerItemProxy;
			containerPortal = F18042FC249272210008021E /* Project object */;
			proxyType = 1;
			remoteGlobalIDString = F1804303249272210008021E;
			remoteInfo = Stopwatch;
		};
		F1804326249272230008021E /* PBXContainerItemProxy */ = {
			isa = PBXContainerItemProxy;
			containerPortal = F18042FC249272210008021E /* Project object */;
			proxyType = 1;
			remoteGlobalIDString = F1804303249272210008021E;
			remoteInfo = Stopwatch;
		};
/* End PBXContainerItemProxy section */

/* Begin PBXFileReference section */
		F15F3364249285D700E793FC /* StopwatchController.swift */ = {isa = PBXFileReference; lastKnownFileType = sourcecode.swift; path = StopwatchController.swift; sourceTree = "<group>"; };
		F15F33662493BE1F00E793FC /* StopwatchTimer.swift */ = {isa = PBXFileReference; lastKnownFileType = sourcecode.swift; path = StopwatchTimer.swift; sourceTree = "<group>"; };
		F1804304249272220008021E /* Stopwatch.app */ = {isa = PBXFileReference; explicitFileType = wrapper.application; includeInIndex = 0; path = Stopwatch.app; sourceTree = BUILT_PRODUCTS_DIR; };
		F1804307249272220008021E /* AppDelegate.swift */ = {isa = PBXFileReference; lastKnownFileType = sourcecode.swift; path = AppDelegate.swift; sourceTree = "<group>"; };
		F1804309249272220008021E /* SceneDelegate.swift */ = {isa = PBXFileReference; lastKnownFileType = sourcecode.swift; path = SceneDelegate.swift; sourceTree = "<group>"; };
		F180430B249272220008021E /* StopwatchView.swift */ = {isa = PBXFileReference; lastKnownFileType = sourcecode.swift; path = StopwatchView.swift; sourceTree = "<group>"; };
		F180430D249272230008021E /* Assets.xcassets */ = {isa = PBXFileReference; lastKnownFileType = folder.assetcatalog; path = Assets.xcassets; sourceTree = "<group>"; };
		F1804310249272230008021E /* Preview Assets.xcassets */ = {isa = PBXFileReference; lastKnownFileType = folder.assetcatalog; path = "Preview Assets.xcassets"; sourceTree = "<group>"; };
		F1804313249272230008021E /* Base */ = {isa = PBXFileReference; lastKnownFileType = file.storyboard; name = Base; path = Base.lproj/LaunchScreen.storyboard; sourceTree = "<group>"; };
		F1804315249272230008021E /* Info.plist */ = {isa = PBXFileReference; lastKnownFileType = text.plist.xml; path = Info.plist; sourceTree = "<group>"; };
		F180431A249272230008021E /* StopwatchTests.xctest */ = {isa = PBXFileReference; explicitFileType = wrapper.cfbundle; includeInIndex = 0; path = StopwatchTests.xctest; sourceTree = BUILT_PRODUCTS_DIR; };
		F180431E249272230008021E /* StopwatchTests.swift */ = {isa = PBXFileReference; lastKnownFileType = sourcecode.swift; path = StopwatchTests.swift; sourceTree = "<group>"; };
		F1804320249272230008021E /* Info.plist */ = {isa = PBXFileReference; lastKnownFileType = text.plist.xml; path = Info.plist; sourceTree = "<group>"; };
		F1804325249272230008021E /* StopwatchUITests.xctest */ = {isa = PBXFileReference; explicitFileType = wrapper.cfbundle; includeInIndex = 0; path = StopwatchUITests.xctest; sourceTree = BUILT_PRODUCTS_DIR; };
		F1804329249272230008021E /* StopwatchUITests.swift */ = {isa = PBXFileReference; lastKnownFileType = sourcecode.swift; path = StopwatchUITests.swift; sourceTree = "<group>"; };
		F180432B249272230008021E /* Info.plist */ = {isa = PBXFileReference; lastKnownFileType = text.plist.xml; path = Info.plist; sourceTree = "<group>"; };
		F185B6F52493D72C00830293 /* LapRow.swift */ = {isa = PBXFileReference; lastKnownFileType = sourcecode.swift; path = LapRow.swift; sourceTree = "<group>"; };
/* End PBXFileReference section */

/* Begin PBXFrameworksBuildPhase section */
		F1804301249272210008021E /* Frameworks */ = {
			isa = PBXFrameworksBuildPhase;
			buildActionMask = 2147483647;
			files = (
			);
			runOnlyForDeploymentPostprocessing = 0;
		};
		F1804317249272230008021E /* Frameworks */ = {
			isa = PBXFrameworksBuildPhase;
			buildActionMask = 2147483647;
			files = (
			);
			runOnlyForDeploymentPostprocessing = 0;
		};
		F1804322249272230008021E /* Frameworks */ = {
			isa = PBXFrameworksBuildPhase;
			buildActionMask = 2147483647;
			files = (
			);
			runOnlyForDeploymentPostprocessing = 0;
		};
/* End PBXFrameworksBuildPhase section */

/* Begin PBXGroup section */
		F18042FB249272210008021E = {
			isa = PBXGroup;
			children = (
				F1804306249272220008021E /* Stopwatch */,
				F180431D249272230008021E /* StopwatchTests */,
				F1804328249272230008021E /* StopwatchUITests */,
				F1804305249272220008021E /* Products */,
			);
			sourceTree = "<group>";
		};
		F1804305249272220008021E /* Products */ = {
			isa = PBXGroup;
			children = (
				F1804304249272220008021E /* Stopwatch.app */,
				F180431A249272230008021E /* StopwatchTests.xctest */,
				F1804325249272230008021E /* StopwatchUITests.xctest */,
			);
			name = Products;
			sourceTree = "<group>";
		};
		F1804306249272220008021E /* Stopwatch */ = {
			isa = PBXGroup;
			children = (
				F1804307249272220008021E /* AppDelegate.swift */,
				F1804309249272220008021E /* SceneDelegate.swift */,
				F15F33662493BE1F00E793FC /* StopwatchTimer.swift */,
				F180430B249272220008021E /* StopwatchView.swift */,
				F15F3364249285D700E793FC /* StopwatchController.swift */,
				F185B6F52493D72C00830293 /* LapRow.swift */,
				F180430D249272230008021E /* Assets.xcassets */,
				F1804312249272230008021E /* LaunchScreen.storyboard */,
				F1804315249272230008021E /* Info.plist */,
				F180430F249272230008021E /* Preview Content */,
			);
			path = Stopwatch;
			sourceTree = "<group>";
		};
		F180430F249272230008021E /* Preview Content */ = {
			isa = PBXGroup;
			children = (
				F1804310249272230008021E /* Preview Assets.xcassets */,
			);
			path = "Preview Content";
			sourceTree = "<group>";
		};
		F180431D249272230008021E /* StopwatchTests */ = {
			isa = PBXGroup;
			children = (
				F180431E249272230008021E /* StopwatchTests.swift */,
				F1804320249272230008021E /* Info.plist */,
			);
			path = StopwatchTests;
			sourceTree = "<group>";
		};
		F1804328249272230008021E /* StopwatchUITests */ = {
			isa = PBXGroup;
			children = (
				F1804329249272230008021E /* StopwatchUITests.swift */,
				F180432B249272230008021E /* Info.plist */,
			);
			path = StopwatchUITests;
			sourceTree = "<group>";
		};
/* End PBXGroup section */

/* Begin PBXNativeTarget section */
		F1804303249272210008021E /* Stopwatch */ = {
			isa = PBXNativeTarget;
			buildConfigurationList = F180432E249272230008021E /* Build configuration list for PBXNativeTarget "Stopwatch" */;
			buildPhases = (
				F1804300249272210008021E /* Sources */,
				F1804301249272210008021E /* Frameworks */,
				F1804302249272210008021E /* Resources */,
			);
			buildRules = (
			);
			dependencies = (
			);
			name = Stopwatch;
			productName = Stopwatch;
			productReference = F1804304249272220008021E /* Stopwatch.app */;
			productType = "com.apple.product-type.application";
		};
		F1804319249272230008021E /* StopwatchTests */ = {
			isa = PBXNativeTarget;
			buildConfigurationList = F1804331249272230008021E /* Build configuration list for PBXNativeTarget "StopwatchTests" */;
			buildPhases = (
				F1804316249272230008021E /* Sources */,
				F1804317249272230008021E /* Frameworks */,
				F1804318249272230008021E /* Resources */,
			);
			buildRules = (
			);
			dependencies = (
				F180431C249272230008021E /* PBXTargetDependency */,
			);
			name = StopwatchTests;
			productName = StopwatchTests;
			productReference = F180431A249272230008021E /* StopwatchTests.xctest */;
			productType = "com.apple.product-type.bundle.unit-test";
		};
		F1804324249272230008021E /* StopwatchUITests */ = {
			isa = PBXNativeTarget;
			buildConfigurationList = F1804334249272230008021E /* Build configuration list for PBXNativeTarget "StopwatchUITests" */;
			buildPhases = (
				F1804321249272230008021E /* Sources */,
				F1804322249272230008021E /* Frameworks */,
				F1804323249272230008021E /* Resources */,
			);
			buildRules = (
			);
			dependencies = (
				F1804327249272230008021E /* PBXTargetDependency */,
			);
			name = StopwatchUITests;
			productName = StopwatchUITests;
			productReference = F1804325249272230008021E /* StopwatchUITests.xctest */;
			productType = "com.apple.product-type.bundle.ui-testing";
		};
/* End PBXNativeTarget section */

/* Begin PBXProject section */
		F18042FC249272210008021E /* Project object */ = {
			isa = PBXProject;
			attributes = {
				LastSwiftUpdateCheck = 1150;
				LastUpgradeCheck = 1150;
				ORGANIZATIONNAME = woonohyo;
				TargetAttributes = {
					F1804303249272210008021E = {
						CreatedOnToolsVersion = 11.5;
					};
					F1804319249272230008021E = {
						CreatedOnToolsVersion = 11.5;
						TestTargetID = F1804303249272210008021E;
					};
					F1804324249272230008021E = {
						CreatedOnToolsVersion = 11.5;
						TestTargetID = F1804303249272210008021E;
					};
				};
			};
			buildConfigurationList = F18042FF249272210008021E /* Build configuration list for PBXProject "Stopwatch" */;
			compatibilityVersion = "Xcode 9.3";
			developmentRegion = en;
			hasScannedForEncodings = 0;
			knownRegions = (
				en,
				Base,
			);
			mainGroup = F18042FB249272210008021E;
			productRefGroup = F1804305249272220008021E /* Products */;
			projectDirPath = "";
			projectRoot = "";
			targets = (
				F1804303249272210008021E /* Stopwatch */,
				F1804319249272230008021E /* StopwatchTests */,
				F1804324249272230008021E /* StopwatchUITests */,
			);
		};
/* End PBXProject section */

/* Begin PBXResourcesBuildPhase section */
		F1804302249272210008021E /* Resources */ = {
			isa = PBXResourcesBuildPhase;
			buildActionMask = 2147483647;
			files = (
				F1804314249272230008021E /* LaunchScreen.storyboard in Resources */,
				F1804311249272230008021E /* Preview Assets.xcassets in Resources */,
				F180430E249272230008021E /* Assets.xcassets in Resources */,
			);
			runOnlyForDeploymentPostprocessing = 0;
		};
		F1804318249272230008021E /* Resources */ = {
			isa = PBXResourcesBuildPhase;
			buildActionMask = 2147483647;
			files = (
			);
			runOnlyForDeploymentPostprocessing = 0;
		};
		F1804323249272230008021E /* Resources */ = {
			isa = PBXResourcesBuildPhase;
			buildActionMask = 2147483647;
			files = (
			);
			runOnlyForDeploymentPostprocessing = 0;
		};
/* End PBXResourcesBuildPhase section */

/* Begin PBXSourcesBuildPhase section */
		F1804300249272210008021E /* Sources */ = {
			isa = PBXSourcesBuildPhase;
			buildActionMask = 2147483647;
			files = (
				F15F3365249285D700E793FC /* StopwatchController.swift in Sources */,
				F1804308249272220008021E /* AppDelegate.swift in Sources */,
				F15F33672493BE1F00E793FC /* StopwatchTimer.swift in Sources */,
				F180430A249272220008021E /* SceneDelegate.swift in Sources */,
				F185B6F62493D72C00830293 /* LapRow.swift in Sources */,
				F180430C249272220008021E /* StopwatchView.swift in Sources */,
			);
			runOnlyForDeploymentPostprocessing = 0;
		};
		F1804316249272230008021E /* Sources */ = {
			isa = PBXSourcesBuildPhase;
			buildActionMask = 2147483647;
			files = (
				F180431F249272230008021E /* StopwatchTests.swift in Sources */,
			);
			runOnlyForDeploymentPostprocessing = 0;
		};
		F1804321249272230008021E /* Sources */ = {
			isa = PBXSourcesBuildPhase;
			buildActionMask = 2147483647;
			files = (
				F180432A249272230008021E /* StopwatchUITests.swift in Sources */,
			);
			runOnlyForDeploymentPostprocessing = 0;
		};
/* End PBXSourcesBuildPhase section */

/* Begin PBXTargetDependency section */
		F180431C249272230008021E /* PBXTargetDependency */ = {
			isa = PBXTargetDependency;
			target = F1804303249272210008021E /* Stopwatch */;
			targetProxy = F180431B249272230008021E /* PBXContainerItemProxy */;
		};
		F1804327249272230008021E /* PBXTargetDependency */ = {
			isa = PBXTargetDependency;
			target = F1804303249272210008021E /* Stopwatch */;
			targetProxy = F1804326249272230008021E /* PBXContainerItemProxy */;
		};
/* End PBXTargetDependency section */

/* Begin PBXVariantGroup section */
		F1804312249272230008021E /* LaunchScreen.storyboard */ = {
			isa = PBXVariantGroup;
			children = (
				F1804313249272230008021E /* Base */,
			);
			name = LaunchScreen.storyboard;
			sourceTree = "<group>";
		};
/* End PBXVariantGroup section */

/* Begin XCBuildConfiguration section */
		F180432C249272230008021E /* Debug */ = {
			isa = XCBuildConfiguration;
			buildSettings = {
				ALWAYS_SEARCH_USER_PATHS = NO;
				CLANG_ANALYZER_NONNULL = YES;
				CLANG_ANALYZER_NUMBER_OBJECT_CONVERSION = YES_AGGRESSIVE;
				CLANG_CXX_LANGUAGE_STANDARD = "gnu++14";
				CLANG_CXX_LIBRARY = "libc++";
				CLANG_ENABLE_MODULES = YES;
				CLANG_ENABLE_OBJC_ARC = YES;
				CLANG_ENABLE_OBJC_WEAK = YES;
				CLANG_WARN_BLOCK_CAPTURE_AUTORELEASING = YES;
				CLANG_WARN_BOOL_CONVERSION = YES;
				CLANG_WARN_COMMA = YES;
				CLANG_WARN_CONSTANT_CONVERSION = YES;
				CLANG_WARN_DEPRECATED_OBJC_IMPLEMENTATIONS = YES;
				CLANG_WARN_DIRECT_OBJC_ISA_USAGE = YES_ERROR;
				CLANG_WARN_DOCUMENTATION_COMMENTS = YES;
				CLANG_WARN_EMPTY_BODY = YES;
				CLANG_WARN_ENUM_CONVERSION = YES;
				CLANG_WARN_INFINITE_RECURSION = YES;
				CLANG_WARN_INT_CONVERSION = YES;
				CLANG_WARN_NON_LITERAL_NULL_CONVERSION = YES;
				CLANG_WARN_OBJC_IMPLICIT_RETAIN_SELF = YES;
				CLANG_WARN_OBJC_LITERAL_CONVERSION = YES;
				CLANG_WARN_OBJC_ROOT_CLASS = YES_ERROR;
				CLANG_WARN_RANGE_LOOP_ANALYSIS = YES;
				CLANG_WARN_STRICT_PROTOTYPES = YES;
				CLANG_WARN_SUSPICIOUS_MOVE = YES;
				CLANG_WARN_UNGUARDED_AVAILABILITY = YES_AGGRESSIVE;
				CLANG_WARN_UNREACHABLE_CODE = YES;
				CLANG_WARN__DUPLICATE_METHOD_MATCH = YES;
				COPY_PHASE_STRIP = NO;
				DEBUG_INFORMATION_FORMAT = dwarf;
				ENABLE_STRICT_OBJC_MSGSEND = YES;
				ENABLE_TESTABILITY = YES;
				GCC_C_LANGUAGE_STANDARD = gnu11;
				GCC_DYNAMIC_NO_PIC = NO;
				GCC_NO_COMMON_BLOCKS = YES;
				GCC_OPTIMIZATION_LEVEL = 0;
				GCC_PREPROCESSOR_DEFINITIONS = (
					"DEBUG=1",
					"$(inherited)",
				);
				GCC_WARN_64_TO_32_BIT_CONVERSION = YES;
				GCC_WARN_ABOUT_RETURN_TYPE = YES_ERROR;
				GCC_WARN_UNDECLARED_SELECTOR = YES;
				GCC_WARN_UNINITIALIZED_AUTOS = YES_AGGRESSIVE;
				GCC_WARN_UNUSED_FUNCTION = YES;
				GCC_WARN_UNUSED_VARIABLE = YES;
				IPHONEOS_DEPLOYMENT_TARGET = 13.5;
				MTL_ENABLE_DEBUG_INFO = INCLUDE_SOURCE;
				MTL_FAST_MATH = YES;
				ONLY_ACTIVE_ARCH = YES;
				SDKROOT = iphoneos;
				SWIFT_ACTIVE_COMPILATION_CONDITIONS = DEBUG;
				SWIFT_OPTIMIZATION_LEVEL = "-Onone";
			};
			name = Debug;
		};
		F180432D249272230008021E /* Release */ = {
			isa = XCBuildConfiguration;
			buildSettings = {
				ALWAYS_SEARCH_USER_PATHS = NO;
				CLANG_ANALYZER_NONNULL = YES;
				CLANG_ANALYZER_NUMBER_OBJECT_CONVERSION = YES_AGGRESSIVE;
				CLANG_CXX_LANGUAGE_STANDARD = "gnu++14";
				CLANG_CXX_LIBRARY = "libc++";
				CLANG_ENABLE_MODULES = YES;
				CLANG_ENABLE_OBJC_ARC = YES;
				CLANG_ENABLE_OBJC_WEAK = YES;
				CLANG_WARN_BLOCK_CAPTURE_AUTORELEASING = YES;
				CLANG_WARN_BOOL_CONVERSION = YES;
				CLANG_WARN_COMMA = YES;
				CLANG_WARN_CONSTANT_CONVERSION = YES;
				CLANG_WARN_DEPRECATED_OBJC_IMPLEMENTATIONS = YES;
				CLANG_WARN_DIRECT_OBJC_ISA_USAGE = YES_ERROR;
				CLANG_WARN_DOCUMENTATION_COMMENTS = YES;
				CLANG_WARN_EMPTY_BODY = YES;
				CLANG_WARN_ENUM_CONVERSION = YES;
				CLANG_WARN_INFINITE_RECURSION = YES;
				CLANG_WARN_INT_CONVERSION = YES;
				CLANG_WARN_NON_LITERAL_NULL_CONVERSION = YES;
				CLANG_WARN_OBJC_IMPLICIT_RETAIN_SELF = YES;
				CLANG_WARN_OBJC_LITERAL_CONVERSION = YES;
				CLANG_WARN_OBJC_ROOT_CLASS = YES_ERROR;
				CLANG_WARN_RANGE_LOOP_ANALYSIS = YES;
				CLANG_WARN_STRICT_PROTOTYPES = YES;
				CLANG_WARN_SUSPICIOUS_MOVE = YES;
				CLANG_WARN_UNGUARDED_AVAILABILITY = YES_AGGRESSIVE;
				CLANG_WARN_UNREACHABLE_CODE = YES;
				CLANG_WARN__DUPLICATE_METHOD_MATCH = YES;
				COPY_PHASE_STRIP = NO;
				DEBUG_INFORMATION_FORMAT = "dwarf-with-dsym";
				ENABLE_NS_ASSERTIONS = NO;
				ENABLE_STRICT_OBJC_MSGSEND = YES;
				GCC_C_LANGUAGE_STANDARD = gnu11;
				GCC_NO_COMMON_BLOCKS = YES;
				GCC_WARN_64_TO_32_BIT_CONVERSION = YES;
				GCC_WARN_ABOUT_RETURN_TYPE = YES_ERROR;
				GCC_WARN_UNDECLARED_SELECTOR = YES;
				GCC_WARN_UNINITIALIZED_AUTOS = YES_AGGRESSIVE;
				GCC_WARN_UNUSED_FUNCTION = YES;
				GCC_WARN_UNUSED_VARIABLE = YES;
				IPHONEOS_DEPLOYMENT_TARGET = 13.5;
				MTL_ENABLE_DEBUG_INFO = NO;
				MTL_FAST_MATH = YES;
				SDKROOT = iphoneos;
				SWIFT_COMPILATION_MODE = wholemodule;
				SWIFT_OPTIMIZATION_LEVEL = "-O";
				VALIDATE_PRODUCT = YES;
			};
			name = Release;
		};
		F180432F249272230008021E /* Debug */ = {
			isa = XCBuildConfiguration;
			buildSettings = {
				ASSETCATALOG_COMPILER_APPICON_NAME = AppIcon;
				CODE_SIGN_STYLE = Automatic;
				DEVELOPMENT_ASSET_PATHS = "\"Stopwatch/Preview Content\"";
				ENABLE_PREVIEWS = YES;
				INFOPLIST_FILE = Stopwatch/Info.plist;
				LD_RUNPATH_SEARCH_PATHS = (
					"$(inherited)",
					"@executable_path/Frameworks",
				);
				PRODUCT_BUNDLE_IDENTIFIER = net.woonohyo.Stopwatch;
				PRODUCT_NAME = "$(TARGET_NAME)";
				SWIFT_VERSION = 5.0;
				TARGETED_DEVICE_FAMILY = "1,2";
			};
			name = Debug;
		};
		F1804330249272230008021E /* Release */ = {
			isa = XCBuildConfiguration;
			buildSettings = {
				ASSETCATALOG_COMPILER_APPICON_NAME = AppIcon;
				CODE_SIGN_STYLE = Automatic;
				DEVELOPMENT_ASSET_PATHS = "\"Stopwatch/Preview Content\"";
				ENABLE_PREVIEWS = YES;
				INFOPLIST_FILE = Stopwatch/Info.plist;
				LD_RUNPATH_SEARCH_PATHS = (
					"$(inherited)",
					"@executable_path/Frameworks",
				);
				PRODUCT_BUNDLE_IDENTIFIER = net.woonohyo.Stopwatch;
				PRODUCT_NAME = "$(TARGET_NAME)";
				SWIFT_VERSION = 5.0;
				TARGETED_DEVICE_FAMILY = "1,2";
			};
			name = Release;
		};
		F1804332249272230008021E /* Debug */ = {
			isa = XCBuildConfiguration;
			buildSettings = {
				ALWAYS_EMBED_SWIFT_STANDARD_LIBRARIES = YES;
				BUNDLE_LOADER = "$(TEST_HOST)";
				CODE_SIGN_STYLE = Automatic;
				INFOPLIST_FILE = StopwatchTests/Info.plist;
				IPHONEOS_DEPLOYMENT_TARGET = 13.5;
				LD_RUNPATH_SEARCH_PATHS = (
					"$(inherited)",
					"@executable_path/Frameworks",
					"@loader_path/Frameworks",
				);
				PRODUCT_BUNDLE_IDENTIFIER = net.woonohyo.StopwatchTests;
				PRODUCT_NAME = "$(TARGET_NAME)";
				SWIFT_VERSION = 5.0;
				TARGETED_DEVICE_FAMILY = "1,2";
				TEST_HOST = "$(BUILT_PRODUCTS_DIR)/Stopwatch.app/Stopwatch";
			};
			name = Debug;
		};
		F1804333249272230008021E /* Release */ = {
			isa = XCBuildConfiguration;
			buildSettings = {
				ALWAYS_EMBED_SWIFT_STANDARD_LIBRARIES = YES;
				BUNDLE_LOADER = "$(TEST_HOST)";
				CODE_SIGN_STYLE = Automatic;
				INFOPLIST_FILE = StopwatchTests/Info.plist;
				IPHONEOS_DEPLOYMENT_TARGET = 13.5;
				LD_RUNPATH_SEARCH_PATHS = (
					"$(inherited)",
					"@executable_path/Frameworks",
					"@loader_path/Frameworks",
				);
				PRODUCT_BUNDLE_IDENTIFIER = net.woonohyo.StopwatchTests;
				PRODUCT_NAME = "$(TARGET_NAME)";
				SWIFT_VERSION = 5.0;
				TARGETED_DEVICE_FAMILY = "1,2";
				TEST_HOST = "$(BUILT_PRODUCTS_DIR)/Stopwatch.app/Stopwatch";
			};
			name = Release;
		};
		F1804335249272230008021E /* Debug */ = {
			isa = XCBuildConfiguration;
			buildSettings = {
				ALWAYS_EMBED_SWIFT_STANDARD_LIBRARIES = YES;
				CODE_SIGN_STYLE = Automatic;
				INFOPLIST_FILE = StopwatchUITests/Info.plist;
				LD_RUNPATH_SEARCH_PATHS = (
					"$(inherited)",
					"@executable_path/Frameworks",
					"@loader_path/Frameworks",
				);
				PRODUCT_BUNDLE_IDENTIFIER = net.woonohyo.StopwatchUITests;
				PRODUCT_NAME = "$(TARGET_NAME)";
				SWIFT_VERSION = 5.0;
				TARGETED_DEVICE_FAMILY = "1,2";
				TEST_TARGET_NAME = Stopwatch;
			};
			name = Debug;
		};
		F1804336249272230008021E /* Release */ = {
			isa = XCBuildConfiguration;
			buildSettings = {
				ALWAYS_EMBED_SWIFT_STANDARD_LIBRARIES = YES;
				CODE_SIGN_STYLE = Automatic;
				INFOPLIST_FILE = StopwatchUITests/Info.plist;
				LD_RUNPATH_SEARCH_PATHS = (
					"$(inherited)",
					"@executable_path/Frameworks",
					"@loader_path/Frameworks",
				);
				PRODUCT_BUNDLE_IDENTIFIER = net.woonohyo.StopwatchUITests;
				PRODUCT_NAME = "$(TARGET_NAME)";
				SWIFT_VERSION = 5.0;
				TARGETED_DEVICE_FAMILY = "1,2";
				TEST_TARGET_NAME = Stopwatch;
			};
			name = Release;
		};
/* End XCBuildConfiguration section */

/* Begin XCConfigurationList section */
		F18042FF249272210008021E /* Build configuration list for PBXProject "Stopwatch" */ = {
			isa = XCConfigurationList;
			buildConfigurations = (
				F180432C249272230008021E /* Debug */,
				F180432D249272230008021E /* Release */,
			);
			defaultConfigurationIsVisible = 0;
			defaultConfigurationName = Release;
		};
		F180432E249272230008021E /* Build configuration list for PBXNativeTarget "Stopwatch" */ = {
			isa = XCConfigurationList;
			buildConfigurations = (
				F180432F249272230008021E /* Debug */,
				F1804330249272230008021E /* Release */,
			);
			defaultConfigurationIsVisible = 0;
			defaultConfigurationName = Release;
		};
		F1804331249272230008021E /* Build configuration list for PBXNativeTarget "StopwatchTests" */ = {
			isa = XCConfigurationList;
			buildConfigurations = (
				F1804332249272230008021E /* Debug */,
				F1804333249272230008021E /* Release */,
			);
			defaultConfigurationIsVisible = 0;
			defaultConfigurationName = Release;
		};
		F1804334249272230008021E /* Build configuration list for PBXNativeTarget "StopwatchUITests" */ = {
			isa = XCConfigurationList;
			buildConfigurations = (
				F1804335249272230008021E /* Debug */,
				F1804336249272230008021E /* Release */,
			);
			defaultConfigurationIsVisible = 0;
			defaultConfigurationName = Release;
		};
/* End XCConfigurationList section */
	};
	rootObject = F18042FC249272210008021E /* Project object */;
}
